{
  "projects": [
    {
      "projectId": "seaQhLVS4bbjiGvJJrRwyL",
      "version": "15.0.3",
      "dependencies": {},
      "lang": "ts",
      "fileLocks": [
        {
          "assetId": "seaQhLVS4bbjiGvJJrRwyL",
          "type": "projectCss",
          "checksum": "8b140f54acb9f4aedf0b769d566851ea"
        }
      ],
      "codegenVersion": "0.0.1"
    },
    {
      "projectId": "dRBehCdEJhGHDmq2SpUGoD",
      "version": "latest",
      "dependencies": {
        "seaQhLVS4bbjiGvJJrRwyL": "15.0.3"
      },
      "lang": "ts",
      "fileLocks": [
        {
          "type": "globalVariant",
          "assetId": "Bd5wcp8wi5t-",
          "checksum": "e6120489943f0edaf380f0d6694b50d1"
        },
        {
          "assetId": "dRBehCdEJhGHDmq2SpUGoD",
          "type": "projectCss",
          "checksum": "296294bf35b27a4ac7ea5cb32fd3e349"
        },
        {
          "type": "renderModule",
          "assetId": "OXmWww-Bscq1",
          "checksum": "9e8c2d03101c422ec2b4496469cf916c"
        },
        {
          "type": "cssRules",
          "assetId": "OXmWww-Bscq1",
          "checksum": "9e8c2d03101c422ec2b4496469cf916c"
        },
        {
          "type": "renderModule",
          "assetId": "CEpouBunSJ2e",
          "checksum": "67ae50de7012709bc464284ba5791137"
        },
        {
          "type": "cssRules",
          "assetId": "CEpouBunSJ2e",
          "checksum": "67ae50de7012709bc464284ba5791137"
        },
        {
          "type": "renderModule",
          "assetId": "ZgnnIcQRB_ub",
          "checksum": "147df43499c4ebf26b119a62979fff94"
        },
        {
          "type": "cssRules",
          "assetId": "ZgnnIcQRB_ub",
          "checksum": "147df43499c4ebf26b119a62979fff94"
        },
        {
          "type": "renderModule",
          "assetId": "rnHyZgOf1cJa",
          "checksum": "1332d59bb7255c8e2d6901bacd1a3459"
        },
        {
          "type": "cssRules",
          "assetId": "rnHyZgOf1cJa",
          "checksum": "1332d59bb7255c8e2d6901bacd1a3459"
        },
        {
          "type": "renderModule",
          "assetId": "O9UzhynD5wo6",
          "checksum": "091a82241095fd0f425196fc41441015"
        },
        {
          "type": "cssRules",
          "assetId": "O9UzhynD5wo6",
          "checksum": "091a82241095fd0f425196fc41441015"
        },
        {
          "type": "renderModule",
          "assetId": "UBDRlQbV2p3M",
          "checksum": "1b7978c242a5519f3768a931b6f9d130"
        },
        {
          "type": "cssRules",
          "assetId": "UBDRlQbV2p3M",
          "checksum": "1b7978c242a5519f3768a931b6f9d130"
        },
        {
          "type": "renderModule",
          "assetId": "oCIWVnI9gvbe",
          "checksum": "2e1d86f5cab8966deebf652600bdcf15"
        },
        {
          "type": "cssRules",
          "assetId": "oCIWVnI9gvbe",
          "checksum": "2e1d86f5cab8966deebf652600bdcf15"
        },
        {
          "type": "renderModule",
          "assetId": "hIIDlFiG9Gdr",
          "checksum": "4f6fb4ee5194190d8d9de3966bac9469"
        },
        {
          "type": "cssRules",
          "assetId": "hIIDlFiG9Gdr",
          "checksum": "4f6fb4ee5194190d8d9de3966bac9469"
        },
        {
          "type": "renderModule",
          "assetId": "8eanuvvY9J2u",
          "checksum": "ab2d38406a2fa32dbea9e1fca4dda252"
        },
        {
          "type": "cssRules",
          "assetId": "8eanuvvY9J2u",
          "checksum": "ab2d38406a2fa32dbea9e1fca4dda252"
        },
        {
          "type": "renderModule",
          "assetId": "gFNFWdO8cCUd",
          "checksum": "c876e367e0301a86aba3aba6d7672f7c"
        },
        {
          "type": "cssRules",
          "assetId": "gFNFWdO8cCUd",
          "checksum": "c876e367e0301a86aba3aba6d7672f7c"
        },
        {
          "type": "renderModule",
          "assetId": "Tx_3sQz9ZjKs",
          "checksum": "1376671ed0b9120330273089500046c9"
        },
        {
          "type": "cssRules",
          "assetId": "Tx_3sQz9ZjKs",
          "checksum": "1376671ed0b9120330273089500046c9"
        },
        {
          "type": "renderModule",
          "assetId": "kO1bUXy_d1yT",
          "checksum": "8c31ec6df7156708b884806ed41049d2"
        },
        {
          "type": "cssRules",
          "assetId": "kO1bUXy_d1yT",
          "checksum": "8c31ec6df7156708b884806ed41049d2"
        },
        {
          "type": "renderModule",
          "assetId": "4mjQ83lumLeq",
          "checksum": "748e5096cffab335702cfbfc9e9071a7"
        },
        {
          "type": "cssRules",
          "assetId": "4mjQ83lumLeq",
          "checksum": "748e5096cffab335702cfbfc9e9071a7"
        },
        {
          "type": "renderModule",
          "assetId": "Fn1xsRVTkNxS",
          "checksum": "8ade50eb69579c5854f6a473e71ceba5"
        },
        {
          "type": "cssRules",
          "assetId": "Fn1xsRVTkNxS",
          "checksum": "8ade50eb69579c5854f6a473e71ceba5"
        },
        {
          "type": "renderModule",
          "assetId": "A5it4hFe1Tb4",
          "checksum": "636e4b6ff4f3181c6e0746bf7f0a0f6f"
        },
        {
          "type": "cssRules",
          "assetId": "A5it4hFe1Tb4",
          "checksum": "636e4b6ff4f3181c6e0746bf7f0a0f6f"
        },
        {
          "type": "renderModule",
          "assetId": "vm52jR6x2QsO",
          "checksum": "f5ba7a7e243af99aead55638f745877e"
        },
        {
          "type": "cssRules",
          "assetId": "vm52jR6x2QsO",
          "checksum": "f5ba7a7e243af99aead55638f745877e"
        },
        {
          "type": "renderModule",
          "assetId": "H3BXtAoNnqrl",
          "checksum": "3a36e0bba4da97024908e24c7c11e746"
        },
        {
          "type": "cssRules",
          "assetId": "H3BXtAoNnqrl",
          "checksum": "3a36e0bba4da97024908e24c7c11e746"
        },
        {
          "type": "icon",
          "assetId": "cHwb32rpfPxA",
          "checksum": "266d77a41a8baf628b4b1b96f0b13180"
        },
        {
          "type": "icon",
          "assetId": "RYA_aLRse19C",
          "checksum": "1896a8349cddce346f0499aa7c95a0e8"
        },
        {
          "type": "icon",
          "assetId": "fx_AtJg6OV3d",
          "checksum": "b923ce4a15a2ca1833268a98a31a14df"
        },
        {
          "type": "icon",
          "assetId": "gnefV83R0S9Z",
          "checksum": "eaae0d355cbea6d2c517958658a7276e"
        },
        {
          "type": "icon",
          "assetId": "u2jA71WoDp5x",
          "checksum": "51540abc6f6b6aa9f7aa7c1636c83ddf"
        },
        {
          "type": "icon",
          "assetId": "db-YNSKCBqUP",
          "checksum": "a4e675ec00333e5c90b98b52cd92f36a"
        },
        {
          "type": "icon",
          "assetId": "nJUzzkDd5w9H",
          "checksum": "b63da106c635f7661e64ebbf7b4d46e6"
        },
        {
          "type": "icon",
          "assetId": "HcKNW_wx__kp",
          "checksum": "20825405a1498a9f319141540a6cc80b"
        },
        {
          "type": "icon",
          "assetId": "_5Vu1KL6EEdQ",
          "checksum": "68d4a5d0fdf9ab70540430fb08f17663"
        },
        {
          "type": "icon",
          "assetId": "KVkNa2NnpFEY",
          "checksum": "f614986bf6dc38c5ed7993b362323f1b"
        },
        {
          "type": "icon",
          "assetId": "EliLV8gnJwiX",
          "checksum": "6787ac3bf3ebb6662e5a48f5fe12c3de"
        },
        {
          "type": "icon",
          "assetId": "o_u9ke0zUKNl",
          "checksum": "57cc919b9e2916dc65ea22357d7a5708"
        },
        {
          "type": "icon",
          "assetId": "TXZt8FO3zbeh",
          "checksum": "cb3f067cf3b86b7e21aaca08f4b6391c"
        },
        {
          "type": "icon",
          "assetId": "PhM1shgMoOOF",
          "checksum": "90fe8809ad7bdb9c72b4ff4727b5782e"
        },
        {
          "type": "icon",
          "assetId": "3jcvxplASTV7",
          "checksum": "3f29a37476dc105012f25d9d40adacc0"
        },
        {
          "type": "icon",
          "assetId": "pY5-NVC9uKZ3",
          "checksum": "3c24694d747500af4081f734215cc658"
        },
        {
          "type": "icon",
          "assetId": "qttRDL4hhc-M",
          "checksum": "31956b41c7de0e2c0a2ca202c1b7198f"
        },
        {
          "type": "icon",
          "assetId": "AEO7-Np-ei6w",
          "checksum": "4c914c9da57f6b63c11baa5282c4740e"
        },
        {
          "type": "icon",
          "assetId": "Qwtc4t888pqV",
          "checksum": "6b6f6f5d91ad1e165f320f52e641740e"
        },
        {
          "type": "icon",
          "assetId": "nXUgLL1XirtK",
          "checksum": "59335a48423202f41398cfc6fba00631"
        },
        {
          "type": "icon",
          "assetId": "JYoq77I0bguk",
          "checksum": "dd674ce1df73326340eefa4ef8193ef5"
        },
        {
          "type": "icon",
          "assetId": "NEML07hRqfd0",
          "checksum": "56d96abf2c885d239e97bfc56f29a78a"
        },
        {
          "type": "image",
          "assetId": "TlHwlF39dL4Z",
          "checksum": "2058d263d9dbbf4e07f36ad55e554369"
        },
        {
          "type": "image",
          "assetId": "waiTr6QVnkEA",
          "checksum": "44464681467bcc8c1ba58fee5485a5b8"
        },
        {
          "type": "image",
          "assetId": "JzCV8vUr5PIf",
          "checksum": "f73bce377fa225242b841168aa03402a"
        },
        {
          "type": "image",
          "assetId": "ejticr-HQTtJ",
          "checksum": "3948a8cd999a8c549d74775e0130f540"
        }
      ],
      "codegenVersion": "0.0.1"
    }
  ],
  "cliVersion": "0.1.327"
}
